// !$*UTF8*$!
{
	archiveVersion = 1;
	classes = {
	};
	objectVersion = 46;
	objects = {

/* Begin PBXBuildFile section */
		F198325E1A05849800A38394 /* AppDelegate.swift in Sources */ = {isa = PBXBuildFile; fileRef = F198325D1A05849800A38394 /* AppDelegate.swift */; };
		F19832601A05849800A38394 /* ViewController.swift in Sources */ = {isa = PBXBuildFile; fileRef = F198325F1A05849800A38394 /* ViewController.swift */; };
		F19832631A05849800A38394 /* Main.storyboard in Resources */ = {isa = PBXBuildFile; fileRef = F19832611A05849800A38394 /* Main.storyboard */; };
		F19832651A05849800A38394 /* Images.xcassets in Resources */ = {isa = PBXBuildFile; fileRef = F19832641A05849800A38394 /* Images.xcassets */; };
		F19832681A05849800A38394 /* LaunchScreen.xib in Resources */ = {isa = PBXBuildFile; fileRef = F19832661A05849800A38394 /* LaunchScreen.xib */; };
		F19832741A05849800A38394 /* BullsEyeTests.swift in Sources */ = {isa = PBXBuildFile; fileRef = F19832731A05849800A38394 /* BullsEyeTests.swift */; };
/* End PBXBuildFile section */

/* Begin PBXContainerItemProxy section */
		F198326E1A05849800A38394 /* PBXContainerItemProxy */ = {
			isa = PBXContainerItemProxy;
			containerPortal = F19832501A05849800A38394 /* Project object */;
			proxyType = 1;
			remoteGlobalIDString = F19832571A05849800A38394;
			remoteInfo = BullsEye;
		};
/* End PBXContainerItemProxy section */

/* Begin PBXFileReference section */
		F19832581A05849800A38394 /* BullsEye.app */ = {isa = PBXFileReference; explicitFileType = wrapper.application; includeInIndex = 0; path = BullsEye.app; sourceTree = BUILT_PRODUCTS_DIR; };
		F198325C1A05849800A38394 /* Info.plist */ = {isa = PBXFileReference; lastKnownFileType = text.plist.xml; path = Info.plist; sourceTree = "<group>"; };
		F198325D1A05849800A38394 /* AppDelegate.swift */ = {isa = PBXFileReference; lastKnownFileType = sourcecode.swift; path = AppDelegate.swift; sourceTree = "<group>"; };
		F198325F1A05849800A38394 /* ViewController.swift */ = {isa = PBXFileReference; lastKnownFileType = sourcecode.swift; path = ViewController.swift; sourceTree = "<group>"; };
		F19832621A05849800A38394 /* Base */ = {isa = PBXFileReference; lastKnownFileType = file.storyboard; name = Base; path = Base.lproj/Main.storyboard; sourceTree = "<group>"; };
		F19832641A05849800A38394 /* Images.xcassets */ = {isa = PBXFileReference; lastKnownFileType = folder.assetcatalog; path = Images.xcassets; sourceTree = "<group>"; };
		F19832671A05849800A38394 /* Base */ = {isa = PBXFileReference; lastKnownFileType = file.xib; name = Base; path = Base.lproj/LaunchScreen.xib; sourceTree = "<group>"; };
		F198326D1A05849800A38394 /* BullsEyeTests.xctest */ = {isa = PBXFileReference; explicitFileType = wrapper.cfbundle; includeInIndex = 0; path = BullsEyeTests.xctest; sourceTree = BUILT_PRODUCTS_DIR; };
		F19832721A05849800A38394 /* Info.plist */ = {isa = PBXFileReference; lastKnownFileType = text.plist.xml; path = Info.plist; sourceTree = "<group>"; };
		F19832731A05849800A38394 /* BullsEyeTests.swift */ = {isa = PBXFileReference; lastKnownFileType = sourcecode.swift; path = BullsEyeTests.swift; sourceTree = "<group>"; };
/* End PBXFileReference section */

/* Begin PBXFrameworksBuildPhase section */
		F19832551A05849800A38394 /* Frameworks */ = {
			isa = PBXFrameworksBuildPhase;
			buildActionMask = 2147483647;
			files = (
			);
			runOnlyForDeploymentPostprocessing = 0;
		};
		F198326A1A05849800A38394 /* Frameworks */ = {
			isa = PBXFrameworksBuildPhase;
			buildActionMask = 2147483647;
			files = (
			);
			runOnlyForDeploymentPostprocessing = 0;
		};
/* End PBXFrameworksBuildPhase section */

/* Begin PBXGroup section */
		F198324F1A05849800A38394 = {
			isa = PBXGroup;
			children = (
				F198325A1A05849800A38394 /* BullsEye */,
				F19832701A05849800A38394 /* BullsEyeTests */,
				F19832591A05849800A38394 /* Products */,
			);
			sourceTree = "<group>";
		};
		F19832591A05849800A38394 /* Products */ = {
			isa = PBXGroup;
			children = (
				F19832581A05849800A38394 /* BullsEye.app */,
				F198326D1A05849800A38394 /* BullsEyeTests.xctest */,
			);
			name = Products;
			sourceTree = "<group>";
		};
		F198325A1A05849800A38394 /* BullsEye */ = {
			isa = PBXGroup;
			children = (
				F198325D1A05849800A38394 /* AppDelegate.swift */,
				F198325F1A05849800A38394 /* ViewController.swift */,
				F19832611A05849800A38394 /* Main.storyboard */,
				F19832641A05849800A38394 /* Images.xcassets */,
				F19832661A05849800A38394 /* LaunchScreen.xib */,
				F198325B1A05849800A38394 /* Supporting Files */,
			);
			path = BullsEye;
			sourceTree = "<group>";
		};
		F198325B1A05849800A38394 /* Supporting Files */ = {
			isa = PBXGroup;
			children = (
				F198325C1A05849800A38394 /* Info.plist */,
			);
			name = "Supporting Files";
			sourceTree = "<group>";
		};
		F19832701A05849800A38394 /* BullsEyeTests */ = {
			isa = PBXGroup;
			children = (
				F19832731A05849800A38394 /* BullsEyeTests.swift */,
				F19832711A05849800A38394 /* Supporting Files */,
			);
			path = BullsEyeTests;
			sourceTree = "<group>";
		};
		F19832711A05849800A38394 /* Supporting Files */ = {
			isa = PBXGroup;
			children = (
				F19832721A05849800A38394 /* Info.plist */,
			);
			name = "Supporting Files";
			sourceTree = "<group>";
		};
/* End PBXGroup section */

/* Begin PBXNativeTarget section */
		F19832571A05849800A38394 /* BullsEye */ = {
			isa = PBXNativeTarget;
			buildConfigurationList = F19832771A05849800A38394 /* Build configuration list for PBXNativeTarget "BullsEye" */;
			buildPhases = (
				F19832541A05849800A38394 /* Sources */,
				F19832551A05849800A38394 /* Frameworks */,
				F19832561A05849800A38394 /* Resources */,
			);
			buildRules = (
			);
			dependencies = (
			);
			name = BullsEye;
			productName = BullsEye;
			productReference = F19832581A05849800A38394 /* BullsEye.app */;
			productType = "com.apple.product-type.application";
		};
		F198326C1A05849800A38394 /* BullsEyeTests */ = {
			isa = PBXNativeTarget;
			buildConfigurationList = F198327A1A05849800A38394 /* Build configuration list for PBXNativeTarget "BullsEyeTests" */;
			buildPhases = (
				F19832691A05849800A38394 /* Sources */,
				F198326A1A05849800A38394 /* Frameworks */,
				F198326B1A05849800A38394 /* Resources */,
			);
			buildRules = (
			);
			dependencies = (
				F198326F1A05849800A38394 /* PBXTargetDependency */,
			);
			name = BullsEyeTests;
			productName = BullsEyeTests;
			productReference = F198326D1A05849800A38394 /* BullsEyeTests.xctest */;
			productType = "com.apple.product-type.bundle.unit-test";
		};
/* End PBXNativeTarget section */

/* Begin PBXProject section */
		F19832501A05849800A38394 /* Project object */ = {
			isa = PBXProject;
			attributes = {
				LastUpgradeCheck = 0610;
				ORGANIZATIONNAME = "Tiago Sandes Fernandes";
				TargetAttributes = {
					F19832571A05849800A38394 = {
						CreatedOnToolsVersion = 6.1;
					};
					F198326C1A05849800A38394 = {
						CreatedOnToolsVersion = 6.1;
						TestTargetID = F19832571A05849800A38394;
					};
				};
			};
			buildConfigurationList = F19832531A05849800A38394 /* Build configuration list for PBXProject "BullsEye" */;
			compatibilityVersion = "Xcode 3.2";
			developmentRegion = English;
			hasScannedForEncodings = 0;
			knownRegions = (
				en,
				Base,
			);
			mainGroup = F198324F1A05849800A38394;
			productRefGroup = F19832591A05849800A38394 /* Products */;
			projectDirPath = "";
			projectRoot = "";
			targets = (
				F19832571A05849800A38394 /* BullsEye */,
				F198326C1A05849800A38394 /* BullsEyeTests */,
			);
		};
/* End PBXProject section */

/* Begin PBXResourcesBuildPhase section */
		F19832561A05849800A38394 /* Resources */ = {
			isa = PBXResourcesBuildPhase;
			buildActionMask = 2147483647;
			files = (
				F19832631A05849800A38394 /* Main.storyboard in Resources */,
				F19832681A05849800A38394 /* LaunchScreen.xib in Resources */,
				F19832651A05849800A38394 /* Images.xcassets in Resources */,
			);
			runOnlyForDeploymentPostprocessing = 0;
		};
		F198326B1A05849800A38394 /* Resources */ = {
			isa = PBXResourcesBuildPhase;
			buildActionMask = 2147483647;
			files = (
			);
			runOnlyForDeploymentPostprocessing = 0;
		};
/* End PBXResourcesBuildPhase section */

/* Begin PBXSourcesBuildPhase section */
		F19832541A05849800A38394 /* Sources */ = {
			isa = PBXSourcesBuildPhase;
			buildActionMask = 2147483647;
			files = (
				F19832601A05849800A38394 /* ViewController.swift in Sources */,
				F198325E1A05849800A38394 /* AppDelegate.swift in Sources */,
			);
			runOnlyForDeploymentPostprocessing = 0;
		};
		F19832691A05849800A38394 /* Sources */ = {
			isa = PBXSourcesBuildPhase;
			buildActionMask = 2147483647;
			files = (
				F19832741A05849800A38394 /* BullsEyeTests.swift in Sources */,
			);
			runOnlyForDeploymentPostprocessing = 0;
		};
/* End PBXSourcesBuildPhase section */

/* Begin PBXTargetDependency section */
		F198326F1A05849800A38394 /* PBXTargetDependency */ = {
			isa = PBXTargetDependency;
			target = F19832571A05849800A38394 /* BullsEye */;
			targetProxy = F198326E1A05849800A38394 /* PBXContainerItemProxy */;
		};
/* End PBXTargetDependency section */

/* Begin PBXVariantGroup section */
		F19832611A05849800A38394 /* Main.storyboard */ = {
			isa = PBXVariantGroup;
			children = (
				F19832621A05849800A38394 /* Base */,
			);
			name = Main.storyboard;
			sourceTree = "<group>";
		};
		F19832661A05849800A38394 /* LaunchScreen.xib */ = {
			isa = PBXVariantGroup;
			children = (
				F19832671A05849800A38394 /* Base */,
			);
			name = LaunchScreen.xib;
			sourceTree = "<group>";
		};
/* End PBXVariantGroup section */

/* Begin XCBuildConfiguration section */
		F19832751A05849800A38394 /* Debug */ = {
			isa = XCBuildConfiguration;
			buildSettings = {
				ALWAYS_SEARCH_USER_PATHS = NO;
				CLANG_CXX_LANGUAGE_STANDARD = "gnu++0x";
				CLANG_CXX_LIBRARY = "libc++";
				CLANG_ENABLE_MODULES = YES;
				CLANG_ENABLE_OBJC_ARC = YES;
				CLANG_WARN_BOOL_CONVERSION = YES;
				CLANG_WARN_CONSTANT_CONVERSION = YES;
				CLANG_WARN_DIRECT_OBJC_ISA_USAGE = YES_ERROR;
				CLANG_WARN_EMPTY_BODY = YES;
				CLANG_WARN_ENUM_CONVERSION = YES;
				CLANG_WARN_INT_CONVERSION = YES;
				CLANG_WARN_OBJC_ROOT_CLASS = YES_ERROR;
				CLANG_WARN_UNREACHABLE_CODE = YES;
				CLANG_WARN__DUPLICATE_METHOD_MATCH = YES;
				"CODE_SIGN_IDENTITY[sdk=iphoneos*]" = "iPhone Developer";
				COPY_PHASE_STRIP = NO;
				ENABLE_STRICT_OBJC_MSGSEND = YES;
				GCC_C_LANGUAGE_STANDARD = gnu99;
				GCC_DYNAMIC_NO_PIC = NO;
				GCC_OPTIMIZATION_LEVEL = 0;
				GCC_PREPROCESSOR_DEFINITIONS = (
					"DEBUG=1",
					"$(inherited)",
				);
				GCC_SYMBOLS_PRIVATE_EXTERN = NO;
				GCC_WARN_64_TO_32_BIT_CONVERSION = YES;
				GCC_WARN_ABOUT_RETURN_TYPE = YES_ERROR;
				GCC_WARN_UNDECLARED_SELECTOR = YES;
				GCC_WARN_UNINITIALIZED_AUTOS = YES_AGGRESSIVE;
				GCC_WARN_UNUSED_FUNCTION = YES;
				GCC_WARN_UNUSED_VARIABLE = YES;
				IPHONEOS_DEPLOYMENT_TARGET = 8.1;
				MTL_ENABLE_DEBUG_INFO = YES;
				ONLY_ACTIVE_ARCH = YES;
				SDKROOT = iphoneos;
				SWIFT_OPTIMIZATION_LEVEL = "-Onone";
			};
			name = Debug;
		};
		F19832761A05849800A38394 /* Release */ = {
			isa = XCBuildConfiguration;
			buildSettings = {
				ALWAYS_SEARCH_USER_PATHS = NO;
				CLANG_CXX_LANGUAGE_STANDARD = "gnu++0x";
				CLANG_CXX_LIBRARY = "libc++";
				CLANG_ENABLE_MODULES = YES;
				CLANG_ENABLE_OBJC_ARC = YES;
				CLANG_WARN_BOOL_CONVERSION = YES;
				CLANG_WARN_CONSTANT_CONVERSION = YES;
				CLANG_WARN_DIRECT_OBJC_ISA_USAGE = YES_ERROR;
				CLANG_WARN_EMPTY_BODY = YES;
				CLANG_WARN_ENUM_CONVERSION = YES;
				CLANG_WARN_INT_CONVERSION = YES;
				CLANG_WARN_OBJC_ROOT_CLASS = YES_ERROR;
				CLANG_WARN_UNREACHABLE_CODE = YES;
				CLANG_WARN__DUPLICATE_METHOD_MATCH = YES;
				"CODE_SIGN_IDENTITY[sdk=iphoneos*]" = "iPhone Developer";
				COPY_PHASE_STRIP = YES;
				ENABLE_NS_ASSERTIONS = NO;
				ENABLE_STRICT_OBJC_MSGSEND = YES;
				GCC_C_LANGUAGE_STANDARD = gnu99;
				GCC_WARN_64_TO_32_BIT_CONVERSION = YES;
				GCC_WARN_ABOUT_RETURN_TYPE = YES_ERROR;
				GCC_WARN_UNDECLARED_SELECTOR = YES;
				GCC_WARN_UNINITIALIZED_AUTOS = YES_AGGRESSIVE;
				GCC_WARN_UNUSED_FUNCTION = YES;
				GCC_WARN_UNUSED_VARIABLE = YES;
				IPHONEOS_DEPLOYMENT_TARGET = 8.1;
				MTL_ENABLE_DEBUG_INFO = NO;
				SDKROOT = iphoneos;
				VALIDATE_PRODUCT = YES;
			};
			name = Release;
		};
		F19832781A05849800A38394 /* Debug */ = {
			isa = XCBuildConfiguration;
			buildSettings = {
				ASSETCATALOG_COMPILER_APPICON_NAME = AppIcon;
				INFOPLIST_FILE = BullsEye/Info.plist;
				LD_RUNPATH_SEARCH_PATHS = "$(inherited) @executable_path/Frameworks";
				PRODUCT_NAME = "$(TARGET_NAME)";
			};
			name = Debug;
		};
		F19832791A05849800A38394 /* Release */ = {
			isa = XCBuildConfiguration;
			buildSettings = {
				ASSETCATALOG_COMPILER_APPICON_NAME = AppIcon;
				INFOPLIST_FILE = BullsEye/Info.plist;
				LD_RUNPATH_SEARCH_PATHS = "$(inherited) @executable_path/Frameworks";
				PRODUCT_NAME = "$(TARGET_NAME)";
			};
			name = Release;
		};
		F198327B1A05849800A38394 /* Debug */ = {
			isa = XCBuildConfiguration;
			buildSettings = {
				BUNDLE_LOADER = "$(TEST_HOST)";
				FRAMEWORK_SEARCH_PATHS = (
					"$(SDKROOT)/Developer/Library/Frameworks",
					"$(inherited)",
				);
				GCC_PREPROCESSOR_DEFINITIONS = (
					"DEBUG=1",
					"$(inherited)",
				);
				INFOPLIST_FILE = BullsEyeTests/Info.plist;
				LD_RUNPATH_SEARCH_PATHS = "$(inherited) @executable_path/Frameworks @loader_path/Frameworks";
				PRODUCT_NAME = "$(TARGET_NAME)";
				TEST_HOST = "$(BUILT_PRODUCTS_DIR)/BullsEye.app/BullsEye";
			};
			name = Debug;
		};
		F198327C1A05849800A38394 /* Release */ = {
			isa = XCBuildConfiguration;
			buildSettings = {
				BUNDLE_LOADER = "$(TEST_HOST)";
				FRAMEWORK_SEARCH_PATHS = (
					"$(SDKROOT)/Developer/Library/Frameworks",
					"$(inherited)",
				);
				INFOPLIST_FILE = BullsEyeTests/Info.plist;
				LD_RUNPATH_SEARCH_PATHS = "$(inherited) @executable_path/Frameworks @loader_path/Frameworks";
				PRODUCT_NAME = "$(TARGET_NAME)";
				TEST_HOST = "$(BUILT_PRODUCTS_DIR)/BullsEye.app/BullsEye";
			};
			name = Release;
		};
/* End XCBuildConfiguration section */

/* Begin XCConfigurationList section */
		F19832531A05849800A38394 /* Build configuration list for PBXProject "BullsEye" */ = {
			isa = XCConfigurationList;
			buildConfigurations = (
				F19832751A05849800A38394 /* Debug */,
				F19832761A05849800A38394 /* Release */,
			);
			defaultConfigurationIsVisible = 0;
			defaultConfigurationName = Release;
		};
		F19832771A05849800A38394 /* Build configuration list for PBXNativeTarget "BullsEye" */ = {
			isa = XCConfigurationList;
			buildConfigurations = (
				F19832781A05849800A38394 /* Debug */,
				F19832791A05849800A38394 /* Release */,
			);
			defaultConfigurationIsVisible = 0;
		};
		F198327A1A05849800A38394 /* Build configuration list for PBXNativeTarget "BullsEyeTests" */ = {
			isa = XCConfigurationList;
			buildConfigurations = (
				F198327B1A05849800A38394 /* Debug */,
				F198327C1A05849800A38394 /* Release */,
			);
			defaultConfigurationIsVisible = 0;
		};
/* End XCConfigurationList section */
	};
	rootObject = F19832501A05849800A38394 /* Project object */;
}
